{
  "name": "entry",
  "version": "1.0.0",
  "lockfileVersion": 1,
  "requires": true,
  "dependencies": {
    "@ohos/material-appbar": {
      "version": "file:../materialappbar"
    },
    "@ohos/material-bottombar": {
      "version": "file:../materialbottombar"
    },
    "@ohos/material-card": {
      "version": "file:../materialcard"
    },
    "@ohos/material-tabs": {
      "version": "file:../materialtabs"
    },
    "@ohos/material-textfield": {
      "version": "file:../materialtextfield"
    },
    "@ohos/material_button": {
      "version": "file:../Material_Button"
    },
    "@ohos/materialslider": {
      "version": "file:../MaterialSlider"
    }
  }
}
